
Microsoft Visual Studio Solution File, Format Version 12.00
# Visual Studio Version 17
VisualStudioVersion = 17.3.32901.215
MinimumVisualStudioVersion = 10.0.40219.1
Project("{FAE04EC0-301F-11D3-BF4B-00C04F79EFBC}") = "Basic_Core_Programmes_Day3", "Basic_Core_Programmes_Day3\Basic_Core_Programmes_Day3.csproj", "{58E8DAEC-205A-4228-A03B-45D79AE94E15}"
EndProject
Global
	GlobalSection(SolutionConfigurationPlatforms) = preSolution
		Debug|Any CPU = Debug|Any CPU
		Release|Any CPU = Release|Any CPU
	EndGlobalSection
	GlobalSection(ProjectConfigurationPlatforms) = postSolution
		{58E8DAEC-205A-4228-A03B-45D79AE94E15}.Debug|Any CPU.ActiveCfg = Debug|Any CPU
		{58E8DAEC-205A-4228-A03B-45D79AE94E15}.Debug|Any CPU.Build.0 = Debug|Any CPU
		{58E8DAEC-205A-4228-A03B-45D79AE94E15}.Release|Any CPU.ActiveCfg = Release|Any CPU
		{58E8DAEC-205A-4228-A03B-45D79AE94E15}.Release|Any CPU.Build.0 = Release|Any CPU
	EndGlobalSection
	GlobalSection(SolutionProperties) = preSolution
		HideSolutionNode = FALSE
	EndGlobalSection
	GlobalSection(ExtensibilityGlobals) = postSolution
		SolutionGuid = {7178BF96-DE6E-4701-A075-369D7DFE3C69}
	EndGlobalSection
EndGlobal
